
Microsoft Visual Studio Solution File, Format Version 12.00
# Visual Studio Version 17
VisualStudioVersion = 17.5.002.0
MinimumVisualStudioVersion = 10.0.40219.1
Project("{9A19103F-16F7-4668-BE54-9A1E7A4F7556}") = "RownanieKwadratowe", "RownanieKwadratowe\RownanieKwadratowe.csproj", "{87EEA17E-543F-4948-B9EB-A26E208F3BD6}"
EndProject
Project("{9A19103F-16F7-4668-BE54-9A1E7A4F7556}") = "RownanieKwadratowe.Tests", "RownanieKwadratowe.Tests\RownanieKwadratowe.Tests.csproj", "{0696FC33-1A21-4958-BD1C-29B215917C51}"
EndProject
Global
	GlobalSection(SolutionConfigurationPlatforms) = preSolution
		Debug|Any CPU = Debug|Any CPU
		Release|Any CPU = Release|Any CPU
	EndGlobalSection
	GlobalSection(ProjectConfigurationPlatforms) = postSolution
		{87EEA17E-543F-4948-B9EB-A26E208F3BD6}.Debug|Any CPU.ActiveCfg = Debug|Any CPU
		{87EEA17E-543F-4948-B9EB-A26E208F3BD6}.Debug|Any CPU.Build.0 = Debug|Any CPU
		{87EEA17E-543F-4948-B9EB-A26E208F3BD6}.Release|Any CPU.ActiveCfg = Release|Any CPU
		{87EEA17E-543F-4948-B9EB-A26E208F3BD6}.Release|Any CPU.Build.0 = Release|Any CPU
		{0696FC33-1A21-4958-BD1C-29B215917C51}.Debug|Any CPU.ActiveCfg = Debug|Any CPU
		{0696FC33-1A21-4958-BD1C-29B215917C51}.Debug|Any CPU.Build.0 = Debug|Any CPU
		{0696FC33-1A21-4958-BD1C-29B215917C51}.Release|Any CPU.ActiveCfg = Release|Any CPU
		{0696FC33-1A21-4958-BD1C-29B215917C51}.Release|Any CPU.Build.0 = Release|Any CPU
	EndGlobalSection
	GlobalSection(SolutionProperties) = preSolution
		HideSolutionNode = FALSE
	EndGlobalSection
	GlobalSection(ExtensibilityGlobals) = postSolution
		SolutionGuid = {E35D694D-CD91-49D6-AF1B-B0913214BCD5}
	EndGlobalSection
EndGlobal
